
Microsoft Visual Studio Solution File, Format Version 12.00
# Visual Studio 15
VisualStudioVersion = 15.0.26730.16
MinimumVisualStudioVersion = 10.0.40219.1
Project("{FAE04EC0-301F-11D3-BF4B-00C04F79EFBC}") = "Bufe", "Bufe\Bufe.csproj", "{848BC1C7-86EC-48C6-A74C-02E8D67276FE}"
EndProject
Global
	GlobalSection(SolutionConfigurationPlatforms) = preSolution
		Debug|Any CPU = Debug|Any CPU
		Release|Any CPU = Release|Any CPU
	EndGlobalSection
	GlobalSection(ProjectConfigurationPlatforms) = postSolution
		{848BC1C7-86EC-48C6-A74C-02E8D67276FE}.Debug|Any CPU.ActiveCfg = Debug|Any CPU
		{848BC1C7-86EC-48C6-A74C-02E8D67276FE}.Debug|Any CPU.Build.0 = Debug|Any CPU
		{848BC1C7-86EC-48C6-A74C-02E8D67276FE}.Release|Any CPU.ActiveCfg = Release|Any CPU
		{848BC1C7-86EC-48C6-A74C-02E8D67276FE}.Release|Any CPU.Build.0 = Release|Any CPU
	EndGlobalSection
	GlobalSection(SolutionProperties) = preSolution
		HideSolutionNode = FALSE
	EndGlobalSection
	GlobalSection(ExtensibilityGlobals) = postSolution
		SolutionGuid = {C31CC72B-530D-42A8-9B39-DDA9CD016060}
	EndGlobalSection
EndGlobal
